
Microsoft Visual Studio Solution File, Format Version 12.00
# Visual Studio Version 17
VisualStudioVersion = 17.5.002.0
MinimumVisualStudioVersion = 10.0.40219.1
Project("{9A19103F-16F7-4668-BE54-9A1E7A4F7556}") = "SignalR_Chat_Server", "SignalR_Chat_Server.csproj", "{08D7C539-67FA-453E-81E3-61502505219C}"
EndProject
Global
	GlobalSection(SolutionConfigurationPlatforms) = preSolution
		Debug|Any CPU = Debug|Any CPU
		Release|Any CPU = Release|Any CPU
	EndGlobalSection
	GlobalSection(ProjectConfigurationPlatforms) = postSolution
		{08D7C539-67FA-453E-81E3-61502505219C}.Debug|Any CPU.ActiveCfg = Debug|Any CPU
		{08D7C539-67FA-453E-81E3-61502505219C}.Debug|Any CPU.Build.0 = Debug|Any CPU
		{08D7C539-67FA-453E-81E3-61502505219C}.Release|Any CPU.ActiveCfg = Release|Any CPU
		{08D7C539-67FA-453E-81E3-61502505219C}.Release|Any CPU.Build.0 = Release|Any CPU
	EndGlobalSection
	GlobalSection(SolutionProperties) = preSolution
		HideSolutionNode = FALSE
	EndGlobalSection
	GlobalSection(ExtensibilityGlobals) = postSolution
		SolutionGuid = {DF22532E-D83C-4CA8-BF05-63A11EF53C9B}
	EndGlobalSection
EndGlobal
